
Microsoft Visual Studio Solution File, Format Version 12.00
# Visual Studio Version 17
VisualStudioVersion = 17.8.34511.84
MinimumVisualStudioVersion = 10.0.40219.1
Project("{FAE04EC0-301F-11D3-BF4B-00C04F79EFBC}") = "VolvoAcademyTask3", "VolvoAcademyTask3\VolvoAcademyTask3.csproj", "{7CA241E2-375C-4DA9-96DE-71D1AE6F47A7}"
EndProject
Global
	GlobalSection(SolutionConfigurationPlatforms) = preSolution
		Debug|Any CPU = Debug|Any CPU
		Release|Any CPU = Release|Any CPU
	EndGlobalSection
	GlobalSection(ProjectConfigurationPlatforms) = postSolution
		{7CA241E2-375C-4DA9-96DE-71D1AE6F47A7}.Debug|Any CPU.ActiveCfg = Debug|Any CPU
		{7CA241E2-375C-4DA9-96DE-71D1AE6F47A7}.Debug|Any CPU.Build.0 = Debug|Any CPU
		{7CA241E2-375C-4DA9-96DE-71D1AE6F47A7}.Release|Any CPU.ActiveCfg = Release|Any CPU
		{7CA241E2-375C-4DA9-96DE-71D1AE6F47A7}.Release|Any CPU.Build.0 = Release|Any CPU
	EndGlobalSection
	GlobalSection(SolutionProperties) = preSolution
		HideSolutionNode = FALSE
	EndGlobalSection
	GlobalSection(ExtensibilityGlobals) = postSolution
		SolutionGuid = {3B827C01-10F3-46E0-B98F-55206FEEC31D}
	EndGlobalSection
EndGlobal
